
Microsoft Visual Studio Solution File, Format Version 12.00
# Visual Studio Version 17
VisualStudioVersion = 17.3.32804.467
MinimumVisualStudioVersion = 10.0.40219.1
Project("{8BC9CEB8-8B4A-11D0-8D11-00A0C91BC942}") = "20220819", "20220819.vcxproj", "{F18A37E9-2169-4E1A-BFE6-EFA675D95456}"
EndProject
Global
	GlobalSection(SolutionConfigurationPlatforms) = preSolution
		Debug|x64 = Debug|x64
		Debug|x86 = Debug|x86
		Release|x64 = Release|x64
		Release|x86 = Release|x86
	EndGlobalSection
	GlobalSection(ProjectConfigurationPlatforms) = postSolution
		{F18A37E9-2169-4E1A-BFE6-EFA675D95456}.Debug|x64.ActiveCfg = Debug|x64
		{F18A37E9-2169-4E1A-BFE6-EFA675D95456}.Debug|x64.Build.0 = Debug|x64
		{F18A37E9-2169-4E1A-BFE6-EFA675D95456}.Debug|x86.ActiveCfg = Debug|Win32
		{F18A37E9-2169-4E1A-BFE6-EFA675D95456}.Debug|x86.Build.0 = Debug|Win32
		{F18A37E9-2169-4E1A-BFE6-EFA675D95456}.Release|x64.ActiveCfg = Release|x64
		{F18A37E9-2169-4E1A-BFE6-EFA675D95456}.Release|x64.Build.0 = Release|x64
		{F18A37E9-2169-4E1A-BFE6-EFA675D95456}.Release|x86.ActiveCfg = Release|Win32
		{F18A37E9-2169-4E1A-BFE6-EFA675D95456}.Release|x86.Build.0 = Release|Win32
	EndGlobalSection
	GlobalSection(SolutionProperties) = preSolution
		HideSolutionNode = FALSE
	EndGlobalSection
	GlobalSection(ExtensibilityGlobals) = postSolution
		SolutionGuid = {631CFF4B-232D-4AF2-B4BF-A26D9E80ECAF}
	EndGlobalSection
EndGlobal
